// !$*UTF8*$!
{
	archiveVersion = 1;
	classes = {
	};
	objectVersion = 55;
	objects = {

/* Begin PBXBuildFile section */
		6757E71827D7527000579359 /* AppDelegate.swift in Sources */ = {isa = PBXBuildFile; fileRef = 6757E71727D7527000579359 /* AppDelegate.swift */; };
		6757E71A27D7527000579359 /* SceneDelegate.swift in Sources */ = {isa = PBXBuildFile; fileRef = 6757E71927D7527000579359 /* SceneDelegate.swift */; };
		6757E72127D7527300579359 /* Assets.xcassets in Resources */ = {isa = PBXBuildFile; fileRef = 6757E72027D7527300579359 /* Assets.xcassets */; };
		6757E72427D7527300579359 /* LaunchScreen.storyboard in Resources */ = {isa = PBXBuildFile; fileRef = 6757E72227D7527300579359 /* LaunchScreen.storyboard */; };
		6757E72F27D7527300579359 /* Manuel_sProjectTests.swift in Sources */ = {isa = PBXBuildFile; fileRef = 6757E72E27D7527300579359 /* Manuel_sProjectTests.swift */; };
		6757E73927D7527300579359 /* Manuel_sProjectUITests.swift in Sources */ = {isa = PBXBuildFile; fileRef = 6757E73827D7527300579359 /* Manuel_sProjectUITests.swift */; };
		6757E73B27D7527300579359 /* Manuel_sProjectUITestsLaunchTests.swift in Sources */ = {isa = PBXBuildFile; fileRef = 6757E73A27D7527300579359 /* Manuel_sProjectUITestsLaunchTests.swift */; };
		6757E74827D7556500579359 /* Film.swift in Sources */ = {isa = PBXBuildFile; fileRef = 6757E74727D7556500579359 /* Film.swift */; };
		6757E74D27D755B500579359 /* CellTypeI.swift in Sources */ = {isa = PBXBuildFile; fileRef = 6757E74B27D755B500579359 /* CellTypeI.swift */; };
		6757E74E27D755B500579359 /* CellTypeI.xib in Resources */ = {isa = PBXBuildFile; fileRef = 6757E74C27D755B500579359 /* CellTypeI.xib */; };
		6757E75127D7585300579359 /* FilmDetailsViewController.swift in Sources */ = {isa = PBXBuildFile; fileRef = 6757E74F27D7585300579359 /* FilmDetailsViewController.swift */; };
		6757E75227D7585300579359 /* FilmDetailsViewController.xib in Resources */ = {isa = PBXBuildFile; fileRef = 6757E75027D7585300579359 /* FilmDetailsViewController.xib */; };
		6757E75527D75E2500579359 /* CellTypeII.swift in Sources */ = {isa = PBXBuildFile; fileRef = 6757E75327D75E2500579359 /* CellTypeII.swift */; };
		6757E75627D75E2500579359 /* CellTypeII.xib in Resources */ = {isa = PBXBuildFile; fileRef = 6757E75427D75E2500579359 /* CellTypeII.xib */; };
		6757E76127D76D9700579359 /* CellTypeIII.swift in Sources */ = {isa = PBXBuildFile; fileRef = 6757E75F27D76D9600579359 /* CellTypeIII.swift */; };
		6757E76227D76D9700579359 /* CellTypeIII.xib in Resources */ = {isa = PBXBuildFile; fileRef = 6757E76027D76D9700579359 /* CellTypeIII.xib */; };
		677626E627EA20A7009C7004 /* CellTypeVI.swift in Sources */ = {isa = PBXBuildFile; fileRef = 677626E427EA20A7009C7004 /* CellTypeVI.swift */; };
		677626E727EA20A7009C7004 /* CellTypeVI.xib in Resources */ = {isa = PBXBuildFile; fileRef = 677626E527EA20A7009C7004 /* CellTypeVI.xib */; };
		677626EA27EA23EF009C7004 /* YouTubePlayerKit in Frameworks */ = {isa = PBXBuildFile; productRef = 677626E927EA23EF009C7004 /* YouTubePlayerKit */; };
		677626EC27EA2414009C7004 /* Trailer.swift in Sources */ = {isa = PBXBuildFile; fileRef = 677626EB27EA2414009C7004 /* Trailer.swift */; };
		677AE9B527F731AB005D40C2 /* ModelLogic.swift in Sources */ = {isa = PBXBuildFile; fileRef = 677AE9B427F731AB005D40C2 /* ModelLogic.swift */; };
		677AE9B727F73576005D40C2 /* NetworkPersistence.swift in Sources */ = {isa = PBXBuildFile; fileRef = 677AE9B627F73576005D40C2 /* NetworkPersistence.swift */; };
		677AE9B927F735C5005D40C2 /* NetworkInterface.swift in Sources */ = {isa = PBXBuildFile; fileRef = 677AE9B827F735C5005D40C2 /* NetworkInterface.swift */; };
		677AE9BB27F737C4005D40C2 /* Extensions.swift in Sources */ = {isa = PBXBuildFile; fileRef = 677AE9BA27F737C4005D40C2 /* Extensions.swift */; };
		677AE9BD27F73AAF005D40C2 /* FilmsDiffableDataSource.swift in Sources */ = {isa = PBXBuildFile; fileRef = 677AE9BC27F73AAF005D40C2 /* FilmsDiffableDataSource.swift */; };
		677AE9BF27F770DC005D40C2 /* Components.swift in Sources */ = {isa = PBXBuildFile; fileRef = 677AE9BE27F770DC005D40C2 /* Components.swift */; };
		6785A62727DAA05200908577 /* CellTypeIV.swift in Sources */ = {isa = PBXBuildFile; fileRef = 6785A62527DAA05200908577 /* CellTypeIV.swift */; };
		6785A62827DAA05200908577 /* CellTypeIV.xib in Resources */ = {isa = PBXBuildFile; fileRef = 6785A62627DAA05200908577 /* CellTypeIV.xib */; };
		6785A62B27DB5F9100908577 /* CellTypeV.swift in Sources */ = {isa = PBXBuildFile; fileRef = 6785A62927DB5F9100908577 /* CellTypeV.swift */; };
		6785A62C27DB5F9100908577 /* CellTypeV.xib in Resources */ = {isa = PBXBuildFile; fileRef = 6785A62A27DB5F9100908577 /* CellTypeV.xib */; };
		6785A63027DB60F000908577 /* CollectionCellTypeI.swift in Sources */ = {isa = PBXBuildFile; fileRef = 6785A62E27DB60F000908577 /* CollectionCellTypeI.swift */; };
		6785A63127DB60F000908577 /* CollectionCellTypeI.xib in Resources */ = {isa = PBXBuildFile; fileRef = 6785A62F27DB60F000908577 /* CollectionCellTypeI.xib */; };
		6785A63827DF760F00908577 /* Response.swift in Sources */ = {isa = PBXBuildFile; fileRef = 6785A63727DF760F00908577 /* Response.swift */; };
		6785A63A27DF76E800908577 /* Genre.swift in Sources */ = {isa = PBXBuildFile; fileRef = 6785A63927DF76E800908577 /* Genre.swift */; };
		6785A63C27E08F3700908577 /* Credits.swift in Sources */ = {isa = PBXBuildFile; fileRef = 6785A63B27E08F3700908577 /* Credits.swift */; };
		6785A64027E0912700908577 /* Cast.swift in Sources */ = {isa = PBXBuildFile; fileRef = 6785A63F27E0912700908577 /* Cast.swift */; };
		6789DA6327E4D31E00266D14 /* FavouritesViewController.swift in Sources */ = {isa = PBXBuildFile; fileRef = 6789DA6227E4D31E00266D14 /* FavouritesViewController.swift */; };
		6789DA6527E5058900266D14 /* BillboardViewController.swift in Sources */ = {isa = PBXBuildFile; fileRef = 6789DA6427E5058900266D14 /* BillboardViewController.swift */; };
		6789DA6727E509E400266D14 /* FavouritesViewController.xib in Resources */ = {isa = PBXBuildFile; fileRef = 6789DA6627E509E400266D14 /* FavouritesViewController.xib */; };
		67A28ADB27EC9B43001E84EB /* PersonDetailsViewController.swift in Sources */ = {isa = PBXBuildFile; fileRef = 67A28AD927EC9B43001E84EB /* PersonDetailsViewController.swift */; };
		67A28ADC27EC9B43001E84EB /* PersonDetailsViewController.xib in Resources */ = {isa = PBXBuildFile; fileRef = 67A28ADA27EC9B43001E84EB /* PersonDetailsViewController.xib */; };
		67A28ADE27ECA4BC001E84EB /* PersonDetails.swift in Sources */ = {isa = PBXBuildFile; fileRef = 67A28ADD27ECA4BC001E84EB /* PersonDetails.swift */; };
		67A28AE127ECA92F001E84EB /* CellTypeVII.swift in Sources */ = {isa = PBXBuildFile; fileRef = 67A28ADF27ECA92F001E84EB /* CellTypeVII.swift */; };
		67A28AE227ECA92F001E84EB /* CellTypeVII.xib in Resources */ = {isa = PBXBuildFile; fileRef = 67A28AE027ECA92F001E84EB /* CellTypeVII.xib */; };
		67D357D827D91002008641BE /* MainViewController.swift in Sources */ = {isa = PBXBuildFile; fileRef = 67D357D627D91002008641BE /* MainViewController.swift */; };
		67D357D927D91002008641BE /* BillboardViewController.xib in Resources */ = {isa = PBXBuildFile; fileRef = 67D357D727D91002008641BE /* BillboardViewController.xib */; };
/* End PBXBuildFile section */

/* Begin PBXContainerItemProxy section */
		6757E72B27D7527300579359 /* PBXContainerItemProxy */ = {
			isa = PBXContainerItemProxy;
			containerPortal = 6757E70C27D7527000579359 /* Project object */;
			proxyType = 1;
			remoteGlobalIDString = 6757E71327D7527000579359;
			remoteInfo = "Manuel'sProject";
		};
		6757E73527D7527300579359 /* PBXContainerItemProxy */ = {
			isa = PBXContainerItemProxy;
			containerPortal = 6757E70C27D7527000579359 /* Project object */;
			proxyType = 1;
			remoteGlobalIDString = 6757E71327D7527000579359;
			remoteInfo = "Manuel'sProject";
		};
/* End PBXContainerItemProxy section */

/* Begin PBXFileReference section */
		6757E71427D7527000579359 /* Manuel'sProject.app */ = {isa = PBXFileReference; explicitFileType = wrapper.application; includeInIndex = 0; path = "Manuel'sProject.app"; sourceTree = BUILT_PRODUCTS_DIR; };
		6757E71727D7527000579359 /* AppDelegate.swift */ = {isa = PBXFileReference; lastKnownFileType = sourcecode.swift; path = AppDelegate.swift; sourceTree = "<group>"; };
		6757E71927D7527000579359 /* SceneDelegate.swift */ = {isa = PBXFileReference; lastKnownFileType = sourcecode.swift; path = SceneDelegate.swift; sourceTree = "<group>"; };
		6757E72027D7527300579359 /* Assets.xcassets */ = {isa = PBXFileReference; lastKnownFileType = folder.assetcatalog; path = Assets.xcassets; sourceTree = "<group>"; };
		6757E72327D7527300579359 /* Base */ = {isa = PBXFileReference; lastKnownFileType = file.storyboard; name = Base; path = Base.lproj/LaunchScreen.storyboard; sourceTree = "<group>"; };
		6757E72527D7527300579359 /* Info.plist */ = {isa = PBXFileReference; lastKnownFileType = text.plist.xml; path = Info.plist; sourceTree = "<group>"; };
		6757E72A27D7527300579359 /* Manuel'sProjectTests.xctest */ = {isa = PBXFileReference; explicitFileType = wrapper.cfbundle; includeInIndex = 0; path = "Manuel'sProjectTests.xctest"; sourceTree = BUILT_PRODUCTS_DIR; };
		6757E72E27D7527300579359 /* Manuel_sProjectTests.swift */ = {isa = PBXFileReference; lastKnownFileType = sourcecode.swift; path = Manuel_sProjectTests.swift; sourceTree = "<group>"; };
		6757E73427D7527300579359 /* Manuel'sProjectUITests.xctest */ = {isa = PBXFileReference; explicitFileType = wrapper.cfbundle; includeInIndex = 0; path = "Manuel'sProjectUITests.xctest"; sourceTree = BUILT_PRODUCTS_DIR; };
		6757E73827D7527300579359 /* Manuel_sProjectUITests.swift */ = {isa = PBXFileReference; lastKnownFileType = sourcecode.swift; path = Manuel_sProjectUITests.swift; sourceTree = "<group>"; };
		6757E73A27D7527300579359 /* Manuel_sProjectUITestsLaunchTests.swift */ = {isa = PBXFileReference; lastKnownFileType = sourcecode.swift; path = Manuel_sProjectUITestsLaunchTests.swift; sourceTree = "<group>"; };
		6757E74727D7556500579359 /* Film.swift */ = {isa = PBXFileReference; lastKnownFileType = sourcecode.swift; path = Film.swift; sourceTree = "<group>"; };
		6757E74B27D755B500579359 /* CellTypeI.swift */ = {isa = PBXFileReference; lastKnownFileType = sourcecode.swift; path = CellTypeI.swift; sourceTree = "<group>"; };
		6757E74C27D755B500579359 /* CellTypeI.xib */ = {isa = PBXFileReference; lastKnownFileType = file.xib; path = CellTypeI.xib; sourceTree = "<group>"; };
		6757E74F27D7585300579359 /* FilmDetailsViewController.swift */ = {isa = PBXFileReference; lastKnownFileType = sourcecode.swift; path = FilmDetailsViewController.swift; sourceTree = "<group>"; };
		6757E75027D7585300579359 /* FilmDetailsViewController.xib */ = {isa = PBXFileReference; lastKnownFileType = file.xib; path = FilmDetailsViewController.xib; sourceTree = "<group>"; };
		6757E75327D75E2500579359 /* CellTypeII.swift */ = {isa = PBXFileReference; lastKnownFileType = sourcecode.swift; path = CellTypeII.swift; sourceTree = "<group>"; };
		6757E75427D75E2500579359 /* CellTypeII.xib */ = {isa = PBXFileReference; lastKnownFileType = file.xib; path = CellTypeII.xib; sourceTree = "<group>"; };
		6757E75F27D76D9600579359 /* CellTypeIII.swift */ = {isa = PBXFileReference; lastKnownFileType = sourcecode.swift; path = CellTypeIII.swift; sourceTree = "<group>"; };
		6757E76027D76D9700579359 /* CellTypeIII.xib */ = {isa = PBXFileReference; lastKnownFileType = file.xib; path = CellTypeIII.xib; sourceTree = "<group>"; };
		677626E427EA20A7009C7004 /* CellTypeVI.swift */ = {isa = PBXFileReference; lastKnownFileType = sourcecode.swift; path = CellTypeVI.swift; sourceTree = "<group>"; };
		677626E527EA20A7009C7004 /* CellTypeVI.xib */ = {isa = PBXFileReference; lastKnownFileType = file.xib; path = CellTypeVI.xib; sourceTree = "<group>"; };
		677626EB27EA2414009C7004 /* Trailer.swift */ = {isa = PBXFileReference; lastKnownFileType = sourcecode.swift; path = Trailer.swift; sourceTree = "<group>"; };
		677AE9B427F731AB005D40C2 /* ModelLogic.swift */ = {isa = PBXFileReference; lastKnownFileType = sourcecode.swift; path = ModelLogic.swift; sourceTree = "<group>"; };
		677AE9B627F73576005D40C2 /* NetworkPersistence.swift */ = {isa = PBXFileReference; lastKnownFileType = sourcecode.swift; path = NetworkPersistence.swift; sourceTree = "<group>"; };
		677AE9B827F735C5005D40C2 /* NetworkInterface.swift */ = {isa = PBXFileReference; lastKnownFileType = sourcecode.swift; path = NetworkInterface.swift; sourceTree = "<group>"; };
		677AE9BA27F737C4005D40C2 /* Extensions.swift */ = {isa = PBXFileReference; lastKnownFileType = sourcecode.swift; path = Extensions.swift; sourceTree = "<group>"; };
		677AE9BC27F73AAF005D40C2 /* FilmsDiffableDataSource.swift */ = {isa = PBXFileReference; lastKnownFileType = sourcecode.swift; path = FilmsDiffableDataSource.swift; sourceTree = "<group>"; };
		677AE9BE27F770DC005D40C2 /* Components.swift */ = {isa = PBXFileReference; lastKnownFileType = sourcecode.swift; path = Components.swift; sourceTree = "<group>"; };
		6785A62527DAA05200908577 /* CellTypeIV.swift */ = {isa = PBXFileReference; lastKnownFileType = sourcecode.swift; path = CellTypeIV.swift; sourceTree = "<group>"; };
		6785A62627DAA05200908577 /* CellTypeIV.xib */ = {isa = PBXFileReference; lastKnownFileType = file.xib; path = CellTypeIV.xib; sourceTree = "<group>"; };
		6785A62927DB5F9100908577 /* CellTypeV.swift */ = {isa = PBXFileReference; lastKnownFileType = sourcecode.swift; path = CellTypeV.swift; sourceTree = "<group>"; };
		6785A62A27DB5F9100908577 /* CellTypeV.xib */ = {isa = PBXFileReference; lastKnownFileType = file.xib; path = CellTypeV.xib; sourceTree = "<group>"; };
		6785A62E27DB60F000908577 /* CollectionCellTypeI.swift */ = {isa = PBXFileReference; lastKnownFileType = sourcecode.swift; path = CollectionCellTypeI.swift; sourceTree = "<group>"; };
		6785A62F27DB60F000908577 /* CollectionCellTypeI.xib */ = {isa = PBXFileReference; lastKnownFileType = file.xib; path = CollectionCellTypeI.xib; sourceTree = "<group>"; };
		6785A63727DF760F00908577 /* Response.swift */ = {isa = PBXFileReference; lastKnownFileType = sourcecode.swift; path = Response.swift; sourceTree = "<group>"; };
		6785A63927DF76E800908577 /* Genre.swift */ = {isa = PBXFileReference; lastKnownFileType = sourcecode.swift; path = Genre.swift; sourceTree = "<group>"; };
		6785A63B27E08F3700908577 /* Credits.swift */ = {isa = PBXFileReference; lastKnownFileType = sourcecode.swift; path = Credits.swift; sourceTree = "<group>"; };
		6785A63F27E0912700908577 /* Cast.swift */ = {isa = PBXFileReference; lastKnownFileType = sourcecode.swift; path = Cast.swift; sourceTree = "<group>"; };
		6789DA6227E4D31E00266D14 /* FavouritesViewController.swift */ = {isa = PBXFileReference; lastKnownFileType = sourcecode.swift; path = FavouritesViewController.swift; sourceTree = "<group>"; };
		6789DA6427E5058900266D14 /* BillboardViewController.swift */ = {isa = PBXFileReference; lastKnownFileType = sourcecode.swift; path = BillboardViewController.swift; sourceTree = "<group>"; };
		6789DA6627E509E400266D14 /* FavouritesViewController.xib */ = {isa = PBXFileReference; lastKnownFileType = file.xib; path = FavouritesViewController.xib; sourceTree = "<group>"; };
		67A28AD927EC9B43001E84EB /* PersonDetailsViewController.swift */ = {isa = PBXFileReference; lastKnownFileType = sourcecode.swift; path = PersonDetailsViewController.swift; sourceTree = "<group>"; };
		67A28ADA27EC9B43001E84EB /* PersonDetailsViewController.xib */ = {isa = PBXFileReference; lastKnownFileType = file.xib; path = PersonDetailsViewController.xib; sourceTree = "<group>"; };
		67A28ADD27ECA4BC001E84EB /* PersonDetails.swift */ = {isa = PBXFileReference; lastKnownFileType = sourcecode.swift; path = PersonDetails.swift; sourceTree = "<group>"; };
		67A28ADF27ECA92F001E84EB /* CellTypeVII.swift */ = {isa = PBXFileReference; lastKnownFileType = sourcecode.swift; path = CellTypeVII.swift; sourceTree = "<group>"; };
		67A28AE027ECA92F001E84EB /* CellTypeVII.xib */ = {isa = PBXFileReference; lastKnownFileType = file.xib; path = CellTypeVII.xib; sourceTree = "<group>"; };
		67D357D627D91002008641BE /* MainViewController.swift */ = {isa = PBXFileReference; lastKnownFileType = sourcecode.swift; path = MainViewController.swift; sourceTree = "<group>"; };
		67D357D727D91002008641BE /* BillboardViewController.xib */ = {isa = PBXFileReference; lastKnownFileType = file.xib; path = BillboardViewController.xib; sourceTree = "<group>"; };
/* End PBXFileReference section */

/* Begin PBXFrameworksBuildPhase section */
		6757E71127D7527000579359 /* Frameworks */ = {
			isa = PBXFrameworksBuildPhase;
			buildActionMask = 2147483647;
			files = (
				677626EA27EA23EF009C7004 /* YouTubePlayerKit in Frameworks */,
			);
			runOnlyForDeploymentPostprocessing = 0;
		};
		6757E72727D7527300579359 /* Frameworks */ = {
			isa = PBXFrameworksBuildPhase;
			buildActionMask = 2147483647;
			files = (
			);
			runOnlyForDeploymentPostprocessing = 0;
		};
		6757E73127D7527300579359 /* Frameworks */ = {
			isa = PBXFrameworksBuildPhase;
			buildActionMask = 2147483647;
			files = (
			);
			runOnlyForDeploymentPostprocessing = 0;
		};
/* End PBXFrameworksBuildPhase section */

/* Begin PBXGroup section */
		6757E70B27D7527000579359 = {
			isa = PBXGroup;
			children = (
				6757E71627D7527000579359 /* Manuel'sProject */,
				6757E72D27D7527300579359 /* Manuel'sProjectTests */,
				6757E73727D7527300579359 /* Manuel'sProjectUITests */,
				6757E71527D7527000579359 /* Products */,
			);
			sourceTree = "<group>";
		};
		6757E71527D7527000579359 /* Products */ = {
			isa = PBXGroup;
			children = (
				6757E71427D7527000579359 /* Manuel'sProject.app */,
				6757E72A27D7527300579359 /* Manuel'sProjectTests.xctest */,
				6757E73427D7527300579359 /* Manuel'sProjectUITests.xctest */,
			);
			name = Products;
			sourceTree = "<group>";
		};
		6757E71627D7527000579359 /* Manuel'sProject */ = {
			isa = PBXGroup;
			children = (
				67D357CD27D8DAF4008641BE /* ViewController */,
				677AE9B427F731AB005D40C2 /* ModelLogic.swift */,
				677AE9B627F73576005D40C2 /* NetworkPersistence.swift */,
				677AE9B827F735C5005D40C2 /* NetworkInterface.swift */,
				677AE9BA27F737C4005D40C2 /* Extensions.swift */,
				677AE9BE27F770DC005D40C2 /* Components.swift */,
				67D357CC27D8DAE0008641BE /* Model */,
				6757E72027D7527300579359 /* Assets.xcassets */,
				6757E72527D7527300579359 /* Info.plist */,
			);
			path = "Manuel'sProject";
			sourceTree = "<group>";
		};
		6757E72D27D7527300579359 /* Manuel'sProjectTests */ = {
			isa = PBXGroup;
			children = (
				6757E72E27D7527300579359 /* Manuel_sProjectTests.swift */,
			);
			path = "Manuel'sProjectTests";
			sourceTree = "<group>";
		};
		6757E73727D7527300579359 /* Manuel'sProjectUITests */ = {
			isa = PBXGroup;
			children = (
				6757E73827D7527300579359 /* Manuel_sProjectUITests.swift */,
				6757E73A27D7527300579359 /* Manuel_sProjectUITestsLaunchTests.swift */,
			);
			path = "Manuel'sProjectUITests";
			sourceTree = "<group>";
		};
		6785A62D27DB5FED00908577 /* CollectionCells */ = {
			isa = PBXGroup;
			children = (
				6785A62E27DB60F000908577 /* CollectionCellTypeI.swift */,
				6785A62F27DB60F000908577 /* CollectionCellTypeI.xib */,
			);
			path = CollectionCells;
			sourceTree = "<group>";
		};
		67D357CB27D8DABD008641BE /* Cells */ = {
			isa = PBXGroup;
			children = (
				6757E74B27D755B500579359 /* CellTypeI.swift */,
				6757E74C27D755B500579359 /* CellTypeI.xib */,
				6757E75327D75E2500579359 /* CellTypeII.swift */,
				6757E75427D75E2500579359 /* CellTypeII.xib */,
				6757E75F27D76D9600579359 /* CellTypeIII.swift */,
				6757E76027D76D9700579359 /* CellTypeIII.xib */,
				6785A62527DAA05200908577 /* CellTypeIV.swift */,
				6785A62627DAA05200908577 /* CellTypeIV.xib */,
				6785A62927DB5F9100908577 /* CellTypeV.swift */,
				6785A62A27DB5F9100908577 /* CellTypeV.xib */,
				677626E427EA20A7009C7004 /* CellTypeVI.swift */,
				677626E527EA20A7009C7004 /* CellTypeVI.xib */,
				67A28ADF27ECA92F001E84EB /* CellTypeVII.swift */,
				67A28AE027ECA92F001E84EB /* CellTypeVII.xib */,
			);
			path = Cells;
			sourceTree = "<group>";
		};
		67D357CC27D8DAE0008641BE /* Model */ = {
			isa = PBXGroup;
			children = (
				6757E74727D7556500579359 /* Film.swift */,
				6785A63727DF760F00908577 /* Response.swift */,
				6785A63927DF76E800908577 /* Genre.swift */,
				6785A63B27E08F3700908577 /* Credits.swift */,
				6785A63F27E0912700908577 /* Cast.swift */,
				677626EB27EA2414009C7004 /* Trailer.swift */,
				67A28ADD27ECA4BC001E84EB /* PersonDetails.swift */,
			);
			path = Model;
			sourceTree = "<group>";
		};
		67D357CD27D8DAF4008641BE /* ViewController */ = {
			isa = PBXGroup;
			children = (
				6757E72227D7527300579359 /* LaunchScreen.storyboard */,
				67D357D027D8DBAF008641BE /* Delegates */,
				67D357D127D8DBC4008641BE /* MainViewController */,
				67D357CE27D8DB46008641BE /* Details */,
				6785A62D27DB5FED00908577 /* CollectionCells */,
				67D357CB27D8DABD008641BE /* Cells */,
			);
			path = ViewController;
			sourceTree = "<group>";
		};
		67D357CE27D8DB46008641BE /* Details */ = {
			isa = PBXGroup;
			children = (
				6757E74F27D7585300579359 /* FilmDetailsViewController.swift */,
				6757E75027D7585300579359 /* FilmDetailsViewController.xib */,
				67A28AD927EC9B43001E84EB /* PersonDetailsViewController.swift */,
				67A28ADA27EC9B43001E84EB /* PersonDetailsViewController.xib */,
			);
			path = Details;
			sourceTree = "<group>";
		};
		67D357D027D8DBAF008641BE /* Delegates */ = {
			isa = PBXGroup;
			children = (
				6757E71927D7527000579359 /* SceneDelegate.swift */,
				6757E71727D7527000579359 /* AppDelegate.swift */,
			);
			path = Delegates;
			sourceTree = "<group>";
		};
		67D357D127D8DBC4008641BE /* MainViewController */ = {
			isa = PBXGroup;
			children = (
				67D357D627D91002008641BE /* MainViewController.swift */,
				6789DA6227E4D31E00266D14 /* FavouritesViewController.swift */,
				6789DA6627E509E400266D14 /* FavouritesViewController.xib */,
				6789DA6427E5058900266D14 /* BillboardViewController.swift */,
				67D357D727D91002008641BE /* BillboardViewController.xib */,
				677AE9BC27F73AAF005D40C2 /* FilmsDiffableDataSource.swift */,
			);
			path = MainViewController;
			sourceTree = "<group>";
		};
/* End PBXGroup section */

/* Begin PBXNativeTarget section */
		6757E71327D7527000579359 /* Manuel'sProject */ = {
			isa = PBXNativeTarget;
			buildConfigurationList = 6757E73E27D7527300579359 /* Build configuration list for PBXNativeTarget "Manuel'sProject" */;
			buildPhases = (
				6757E71027D7527000579359 /* Sources */,
				6757E71127D7527000579359 /* Frameworks */,
				6757E71227D7527000579359 /* Resources */,
			);
			buildRules = (
			);
			dependencies = (
			);
			name = "Manuel'sProject";
			packageProductDependencies = (
				677626E927EA23EF009C7004 /* YouTubePlayerKit */,
			);
			productName = "Manuel'sProject";
			productReference = 6757E71427D7527000579359 /* Manuel'sProject.app */;
			productType = "com.apple.product-type.application";
		};
		6757E72927D7527300579359 /* Manuel'sProjectTests */ = {
			isa = PBXNativeTarget;
			buildConfigurationList = 6757E74127D7527300579359 /* Build configuration list for PBXNativeTarget "Manuel'sProjectTests" */;
			buildPhases = (
				6757E72627D7527300579359 /* Sources */,
				6757E72727D7527300579359 /* Frameworks */,
				6757E72827D7527300579359 /* Resources */,
			);
			buildRules = (
			);
			dependencies = (
				6757E72C27D7527300579359 /* PBXTargetDependency */,
			);
			name = "Manuel'sProjectTests";
			productName = "Manuel'sProjectTests";
			productReference = 6757E72A27D7527300579359 /* Manuel'sProjectTests.xctest */;
			productType = "com.apple.product-type.bundle.unit-test";
		};
		6757E73327D7527300579359 /* Manuel'sProjectUITests */ = {
			isa = PBXNativeTarget;
			buildConfigurationList = 6757E74427D7527300579359 /* Build configuration list for PBXNativeTarget "Manuel'sProjectUITests" */;
			buildPhases = (
				6757E73027D7527300579359 /* Sources */,
				6757E73127D7527300579359 /* Frameworks */,
				6757E73227D7527300579359 /* Resources */,
			);
			buildRules = (
			);
			dependencies = (
				6757E73627D7527300579359 /* PBXTargetDependency */,
			);
			name = "Manuel'sProjectUITests";
			productName = "Manuel'sProjectUITests";
			productReference = 6757E73427D7527300579359 /* Manuel'sProjectUITests.xctest */;
			productType = "com.apple.product-type.bundle.ui-testing";
		};
/* End PBXNativeTarget section */

/* Begin PBXProject section */
		6757E70C27D7527000579359 /* Project object */ = {
			isa = PBXProject;
			attributes = {
				BuildIndependentTargetsInParallel = 1;
				LastSwiftUpdateCheck = 1320;
				LastUpgradeCheck = 1320;
				TargetAttributes = {
					6757E71327D7527000579359 = {
						CreatedOnToolsVersion = 13.2.1;
					};
					6757E72927D7527300579359 = {
						CreatedOnToolsVersion = 13.2.1;
						TestTargetID = 6757E71327D7527000579359;
					};
					6757E73327D7527300579359 = {
						CreatedOnToolsVersion = 13.2.1;
						TestTargetID = 6757E71327D7527000579359;
					};
				};
			};
			buildConfigurationList = 6757E70F27D7527000579359 /* Build configuration list for PBXProject "Manuel'sProject" */;
			compatibilityVersion = "Xcode 13.0";
			developmentRegion = en;
			hasScannedForEncodings = 0;
			knownRegions = (
				en,
				Base,
			);
			mainGroup = 6757E70B27D7527000579359;
			packageReferences = (
				677626E827EA23EF009C7004 /* XCRemoteSwiftPackageReference "YouTubePlayerKit" */,
			);
			productRefGroup = 6757E71527D7527000579359 /* Products */;
			projectDirPath = "";
			projectRoot = "";
			targets = (
				6757E71327D7527000579359 /* Manuel'sProject */,
				6757E72927D7527300579359 /* Manuel'sProjectTests */,
				6757E73327D7527300579359 /* Manuel'sProjectUITests */,
			);
		};
/* End PBXProject section */

/* Begin PBXResourcesBuildPhase section */
		6757E71227D7527000579359 /* Resources */ = {
			isa = PBXResourcesBuildPhase;
			buildActionMask = 2147483647;
			files = (
				6757E72427D7527300579359 /* LaunchScreen.storyboard in Resources */,
				6757E74E27D755B500579359 /* CellTypeI.xib in Resources */,
				6789DA6727E509E400266D14 /* FavouritesViewController.xib in Resources */,
				6757E75227D7585300579359 /* FilmDetailsViewController.xib in Resources */,
				67A28AE227ECA92F001E84EB /* CellTypeVII.xib in Resources */,
				677626E727EA20A7009C7004 /* CellTypeVI.xib in Resources */,
				6785A63127DB60F000908577 /* CollectionCellTypeI.xib in Resources */,
				6757E75627D75E2500579359 /* CellTypeII.xib in Resources */,
				67D357D927D91002008641BE /* BillboardViewController.xib in Resources */,
				6785A62827DAA05200908577 /* CellTypeIV.xib in Resources */,
				6757E76227D76D9700579359 /* CellTypeIII.xib in Resources */,
				67A28ADC27EC9B43001E84EB /* PersonDetailsViewController.xib in Resources */,
				6757E72127D7527300579359 /* Assets.xcassets in Resources */,
				6785A62C27DB5F9100908577 /* CellTypeV.xib in Resources */,
			);
			runOnlyForDeploymentPostprocessing = 0;
		};
		6757E72827D7527300579359 /* Resources */ = {
			isa = PBXResourcesBuildPhase;
			buildActionMask = 2147483647;
			files = (
			);
			runOnlyForDeploymentPostprocessing = 0;
		};
		6757E73227D7527300579359 /* Resources */ = {
			isa = PBXResourcesBuildPhase;
			buildActionMask = 2147483647;
			files = (
			);
			runOnlyForDeploymentPostprocessing = 0;
		};
/* End PBXResourcesBuildPhase section */

/* Begin PBXSourcesBuildPhase section */
		6757E71027D7527000579359 /* Sources */ = {
			isa = PBXSourcesBuildPhase;
			buildActionMask = 2147483647;
			files = (
				67A28ADE27ECA4BC001E84EB /* PersonDetails.swift in Sources */,
				67D357D827D91002008641BE /* MainViewController.swift in Sources */,
				6757E75527D75E2500579359 /* CellTypeII.swift in Sources */,
				6757E74D27D755B500579359 /* CellTypeI.swift in Sources */,
				6757E71827D7527000579359 /* AppDelegate.swift in Sources */,
				6785A63C27E08F3700908577 /* Credits.swift in Sources */,
				6785A63827DF760F00908577 /* Response.swift in Sources */,
				677AE9BF27F770DC005D40C2 /* Components.swift in Sources */,
				677AE9B927F735C5005D40C2 /* NetworkInterface.swift in Sources */,
				67A28AE127ECA92F001E84EB /* CellTypeVII.swift in Sources */,
				6785A62B27DB5F9100908577 /* CellTypeV.swift in Sources */,
				67A28ADB27EC9B43001E84EB /* PersonDetailsViewController.swift in Sources */,
				6785A64027E0912700908577 /* Cast.swift in Sources */,
				6785A63027DB60F000908577 /* CollectionCellTypeI.swift in Sources */,
				677AE9B527F731AB005D40C2 /* ModelLogic.swift in Sources */,
				6789DA6527E5058900266D14 /* BillboardViewController.swift in Sources */,
				6785A63A27DF76E800908577 /* Genre.swift in Sources */,
				677AE9B727F73576005D40C2 /* NetworkPersistence.swift in Sources */,
				677626E627EA20A7009C7004 /* CellTypeVI.swift in Sources */,
				677AE9BD27F73AAF005D40C2 /* FilmsDiffableDataSource.swift in Sources */,
				6789DA6327E4D31E00266D14 /* FavouritesViewController.swift in Sources */,
				6757E74827D7556500579359 /* Film.swift in Sources */,
				6785A62727DAA05200908577 /* CellTypeIV.swift in Sources */,
				6757E76127D76D9700579359 /* CellTypeIII.swift in Sources */,
				6757E71A27D7527000579359 /* SceneDelegate.swift in Sources */,
				677626EC27EA2414009C7004 /* Trailer.swift in Sources */,
				6757E75127D7585300579359 /* FilmDetailsViewController.swift in Sources */,
				677AE9BB27F737C4005D40C2 /* Extensions.swift in Sources */,
			);
			runOnlyForDeploymentPostprocessing = 0;
		};
		6757E72627D7527300579359 /* Sources */ = {
			isa = PBXSourcesBuildPhase;
			buildActionMask = 2147483647;
			files = (
				6757E72F27D7527300579359 /* Manuel_sProjectTests.swift in Sources */,
			);
			runOnlyForDeploymentPostprocessing = 0;
		};
		6757E73027D7527300579359 /* Sources */ = {
			isa = PBXSourcesBuildPhase;
			buildActionMask = 2147483647;
			files = (
				6757E73B27D7527300579359 /* Manuel_sProjectUITestsLaunchTests.swift in Sources */,
				6757E73927D7527300579359 /* Manuel_sProjectUITests.swift in Sources */,
			);
			runOnlyForDeploymentPostprocessing = 0;
		};
/* End PBXSourcesBuildPhase section */

/* Begin PBXTargetDependency section */
		6757E72C27D7527300579359 /* PBXTargetDependency */ = {
			isa = PBXTargetDependency;
			target = 6757E71327D7527000579359 /* Manuel'sProject */;
			targetProxy = 6757E72B27D7527300579359 /* PBXContainerItemProxy */;
		};
		6757E73627D7527300579359 /* PBXTargetDependency */ = {
			isa = PBXTargetDependency;
			target = 6757E71327D7527000579359 /* Manuel'sProject */;
			targetProxy = 6757E73527D7527300579359 /* PBXContainerItemProxy */;
		};
/* End PBXTargetDependency section */

/* Begin PBXVariantGroup section */
		6757E72227D7527300579359 /* LaunchScreen.storyboard */ = {
			isa = PBXVariantGroup;
			children = (
				6757E72327D7527300579359 /* Base */,
			);
			name = LaunchScreen.storyboard;
			sourceTree = "<group>";
		};
/* End PBXVariantGroup section */

/* Begin XCBuildConfiguration section */
		6757E73C27D7527300579359 /* Debug */ = {
			isa = XCBuildConfiguration;
			buildSettings = {
				ALWAYS_SEARCH_USER_PATHS = NO;
				CLANG_ANALYZER_NONNULL = YES;
				CLANG_ANALYZER_NUMBER_OBJECT_CONVERSION = YES_AGGRESSIVE;
				CLANG_CXX_LANGUAGE_STANDARD = "gnu++17";
				CLANG_CXX_LIBRARY = "libc++";
				CLANG_ENABLE_MODULES = YES;
				CLANG_ENABLE_OBJC_ARC = YES;
				CLANG_ENABLE_OBJC_WEAK = YES;
				CLANG_WARN_BLOCK_CAPTURE_AUTORELEASING = YES;
				CLANG_WARN_BOOL_CONVERSION = YES;
				CLANG_WARN_COMMA = YES;
				CLANG_WARN_CONSTANT_CONVERSION = YES;
				CLANG_WARN_DEPRECATED_OBJC_IMPLEMENTATIONS = YES;
				CLANG_WARN_DIRECT_OBJC_ISA_USAGE = YES_ERROR;
				CLANG_WARN_DOCUMENTATION_COMMENTS = YES;
				CLANG_WARN_EMPTY_BODY = YES;
				CLANG_WARN_ENUM_CONVERSION = YES;
				CLANG_WARN_INFINITE_RECURSION = YES;
				CLANG_WARN_INT_CONVERSION = YES;
				CLANG_WARN_NON_LITERAL_NULL_CONVERSION = YES;
				CLANG_WARN_OBJC_IMPLICIT_RETAIN_SELF = YES;
				CLANG_WARN_OBJC_LITERAL_CONVERSION = YES;
				CLANG_WARN_OBJC_ROOT_CLASS = YES_ERROR;
				CLANG_WARN_QUOTED_INCLUDE_IN_FRAMEWORK_HEADER = YES;
				CLANG_WARN_RANGE_LOOP_ANALYSIS = YES;
				CLANG_WARN_STRICT_PROTOTYPES = YES;
				CLANG_WARN_SUSPICIOUS_MOVE = YES;
				CLANG_WARN_UNGUARDED_AVAILABILITY = YES_AGGRESSIVE;
				CLANG_WARN_UNREACHABLE_CODE = YES;
				CLANG_WARN__DUPLICATE_METHOD_MATCH = YES;
				COPY_PHASE_STRIP = NO;
				DEBUG_INFORMATION_FORMAT = dwarf;
				ENABLE_STRICT_OBJC_MSGSEND = YES;
				ENABLE_TESTABILITY = YES;
				GCC_C_LANGUAGE_STANDARD = gnu11;
				GCC_DYNAMIC_NO_PIC = NO;
				GCC_NO_COMMON_BLOCKS = YES;
				GCC_OPTIMIZATION_LEVEL = 0;
				GCC_PREPROCESSOR_DEFINITIONS = (
					"DEBUG=1",
					"$(inherited)",
				);
				GCC_WARN_64_TO_32_BIT_CONVERSION = YES;
				GCC_WARN_ABOUT_RETURN_TYPE = YES_ERROR;
				GCC_WARN_UNDECLARED_SELECTOR = YES;
				GCC_WARN_UNINITIALIZED_AUTOS = YES_AGGRESSIVE;
				GCC_WARN_UNUSED_FUNCTION = YES;
				GCC_WARN_UNUSED_VARIABLE = YES;
				IPHONEOS_DEPLOYMENT_TARGET = 13.0;
				MTL_ENABLE_DEBUG_INFO = INCLUDE_SOURCE;
				MTL_FAST_MATH = YES;
				ONLY_ACTIVE_ARCH = YES;
				SDKROOT = iphoneos;
				SWIFT_ACTIVE_COMPILATION_CONDITIONS = DEBUG;
				SWIFT_OPTIMIZATION_LEVEL = "-Onone";
			};
			name = Debug;
		};
		6757E73D27D7527300579359 /* Release */ = {
			isa = XCBuildConfiguration;
			buildSettings = {
				ALWAYS_SEARCH_USER_PATHS = NO;
				CLANG_ANALYZER_NONNULL = YES;
				CLANG_ANALYZER_NUMBER_OBJECT_CONVERSION = YES_AGGRESSIVE;
				CLANG_CXX_LANGUAGE_STANDARD = "gnu++17";
				CLANG_CXX_LIBRARY = "libc++";
				CLANG_ENABLE_MODULES = YES;
				CLANG_ENABLE_OBJC_ARC = YES;
				CLANG_ENABLE_OBJC_WEAK = YES;
				CLANG_WARN_BLOCK_CAPTURE_AUTORELEASING = YES;
				CLANG_WARN_BOOL_CONVERSION = YES;
				CLANG_WARN_COMMA = YES;
				CLANG_WARN_CONSTANT_CONVERSION = YES;
				CLANG_WARN_DEPRECATED_OBJC_IMPLEMENTATIONS = YES;
				CLANG_WARN_DIRECT_OBJC_ISA_USAGE = YES_ERROR;
				CLANG_WARN_DOCUMENTATION_COMMENTS = YES;
				CLANG_WARN_EMPTY_BODY = YES;
				CLANG_WARN_ENUM_CONVERSION = YES;
				CLANG_WARN_INFINITE_RECURSION = YES;
				CLANG_WARN_INT_CONVERSION = YES;
				CLANG_WARN_NON_LITERAL_NULL_CONVERSION = YES;
				CLANG_WARN_OBJC_IMPLICIT_RETAIN_SELF = YES;
				CLANG_WARN_OBJC_LITERAL_CONVERSION = YES;
				CLANG_WARN_OBJC_ROOT_CLASS = YES_ERROR;
				CLANG_WARN_QUOTED_INCLUDE_IN_FRAMEWORK_HEADER = YES;
				CLANG_WARN_RANGE_LOOP_ANALYSIS = YES;
				CLANG_WARN_STRICT_PROTOTYPES = YES;
				CLANG_WARN_SUSPICIOUS_MOVE = YES;
				CLANG_WARN_UNGUARDED_AVAILABILITY = YES_AGGRESSIVE;
				CLANG_WARN_UNREACHABLE_CODE = YES;
				CLANG_WARN__DUPLICATE_METHOD_MATCH = YES;
				COPY_PHASE_STRIP = NO;
				DEBUG_INFORMATION_FORMAT = "dwarf-with-dsym";
				ENABLE_NS_ASSERTIONS = NO;
				ENABLE_STRICT_OBJC_MSGSEND = YES;
				GCC_C_LANGUAGE_STANDARD = gnu11;
				GCC_NO_COMMON_BLOCKS = YES;
				GCC_WARN_64_TO_32_BIT_CONVERSION = YES;
				GCC_WARN_ABOUT_RETURN_TYPE = YES_ERROR;
				GCC_WARN_UNDECLARED_SELECTOR = YES;
				GCC_WARN_UNINITIALIZED_AUTOS = YES_AGGRESSIVE;
				GCC_WARN_UNUSED_FUNCTION = YES;
				GCC_WARN_UNUSED_VARIABLE = YES;
				IPHONEOS_DEPLOYMENT_TARGET = 13.0;
				MTL_ENABLE_DEBUG_INFO = NO;
				MTL_FAST_MATH = YES;
				SDKROOT = iphoneos;
				SWIFT_COMPILATION_MODE = wholemodule;
				SWIFT_OPTIMIZATION_LEVEL = "-O";
				VALIDATE_PRODUCT = YES;
			};
			name = Release;
		};
		6757E73F27D7527300579359 /* Debug */ = {
			isa = XCBuildConfiguration;
			buildSettings = {
				ASSETCATALOG_COMPILER_APPICON_NAME = AppIcon;
				ASSETCATALOG_COMPILER_GLOBAL_ACCENT_COLOR_NAME = AccentColor;
				CODE_SIGN_STYLE = Automatic;
				CURRENT_PROJECT_VERSION = 1;
				DEVELOPMENT_TEAM = NWW54F239N;
				GENERATE_INFOPLIST_FILE = YES;
				INFOPLIST_FILE = "Manuel'sProject/Info.plist";
				INFOPLIST_KEY_UIApplicationSupportsIndirectInputEvents = YES;
				INFOPLIST_KEY_UILaunchStoryboardName = LaunchScreen;
				INFOPLIST_KEY_UISupportedInterfaceOrientations_iPad = "UIInterfaceOrientationPortrait UIInterfaceOrientationPortraitUpsideDown UIInterfaceOrientationLandscapeLeft UIInterfaceOrientationLandscapeRight";
				INFOPLIST_KEY_UISupportedInterfaceOrientations_iPhone = "UIInterfaceOrientationPortrait UIInterfaceOrientationLandscapeLeft UIInterfaceOrientationLandscapeRight";
				IPHONEOS_DEPLOYMENT_TARGET = 13.0;
				LD_RUNPATH_SEARCH_PATHS = (
					"$(inherited)",
					"@executable_path/Frameworks",
				);
				MARKETING_VERSION = 1.0;
				PRODUCT_BUNDLE_IDENTIFIER = "Manuel.Manuel-sProject";
				PRODUCT_NAME = "$(TARGET_NAME)";
				SWIFT_EMIT_LOC_STRINGS = YES;
				SWIFT_VERSION = 5.0;
				TARGETED_DEVICE_FAMILY = "1,2";
			};
			name = Debug;
		};
		6757E74027D7527300579359 /* Release */ = {
			isa = XCBuildConfiguration;
			buildSettings = {
				ASSETCATALOG_COMPILER_APPICON_NAME = AppIcon;
				ASSETCATALOG_COMPILER_GLOBAL_ACCENT_COLOR_NAME = AccentColor;
				CODE_SIGN_STYLE = Automatic;
				CURRENT_PROJECT_VERSION = 1;
				DEVELOPMENT_TEAM = NWW54F239N;
				GENERATE_INFOPLIST_FILE = YES;
				INFOPLIST_FILE = "Manuel'sProject/Info.plist";
				INFOPLIST_KEY_UIApplicationSupportsIndirectInputEvents = YES;
				INFOPLIST_KEY_UILaunchStoryboardName = LaunchScreen;
				INFOPLIST_KEY_UISupportedInterfaceOrientations_iPad = "UIInterfaceOrientationPortrait UIInterfaceOrientationPortraitUpsideDown UIInterfaceOrientationLandscapeLeft UIInterfaceOrientationLandscapeRight";
				INFOPLIST_KEY_UISupportedInterfaceOrientations_iPhone = "UIInterfaceOrientationPortrait UIInterfaceOrientationLandscapeLeft UIInterfaceOrientationLandscapeRight";
				IPHONEOS_DEPLOYMENT_TARGET = 13.0;
				LD_RUNPATH_SEARCH_PATHS = (
					"$(inherited)",
					"@executable_path/Frameworks",
				);
				MARKETING_VERSION = 1.0;
				PRODUCT_BUNDLE_IDENTIFIER = "Manuel.Manuel-sProject";
				PRODUCT_NAME = "$(TARGET_NAME)";
				SWIFT_EMIT_LOC_STRINGS = YES;
				SWIFT_VERSION = 5.0;
				TARGETED_DEVICE_FAMILY = "1,2";
			};
			name = Release;
		};
		6757E74227D7527300579359 /* Debug */ = {
			isa = XCBuildConfiguration;
			buildSettings = {
				ALWAYS_EMBED_SWIFT_STANDARD_LIBRARIES = YES;
				BUNDLE_LOADER = "$(TEST_HOST)";
				CODE_SIGN_STYLE = Automatic;
				CURRENT_PROJECT_VERSION = 1;
				DEVELOPMENT_TEAM = NWW54F239N;
				GENERATE_INFOPLIST_FILE = YES;
				IPHONEOS_DEPLOYMENT_TARGET = 15.2;
				MARKETING_VERSION = 1.0;
				PRODUCT_BUNDLE_IDENTIFIER = "Manuel.Manuel-sProjectTests";
				PRODUCT_NAME = "$(TARGET_NAME)";
				SWIFT_EMIT_LOC_STRINGS = NO;
				SWIFT_VERSION = 5.0;
				TARGETED_DEVICE_FAMILY = "1,2";
				TEST_HOST = "$(BUILT_PRODUCTS_DIR)/Manuel'sProject.app/Manuel'sProject";
			};
			name = Debug;
		};
		6757E74327D7527300579359 /* Release */ = {
			isa = XCBuildConfiguration;
			buildSettings = {
				ALWAYS_EMBED_SWIFT_STANDARD_LIBRARIES = YES;
				BUNDLE_LOADER = "$(TEST_HOST)";
				CODE_SIGN_STYLE = Automatic;
				CURRENT_PROJECT_VERSION = 1;
				DEVELOPMENT_TEAM = NWW54F239N;
				GENERATE_INFOPLIST_FILE = YES;
				IPHONEOS_DEPLOYMENT_TARGET = 15.2;
				MARKETING_VERSION = 1.0;
				PRODUCT_BUNDLE_IDENTIFIER = "Manuel.Manuel-sProjectTests";
				PRODUCT_NAME = "$(TARGET_NAME)";
				SWIFT_EMIT_LOC_STRINGS = NO;
				SWIFT_VERSION = 5.0;
				TARGETED_DEVICE_FAMILY = "1,2";
				TEST_HOST = "$(BUILT_PRODUCTS_DIR)/Manuel'sProject.app/Manuel'sProject";
			};
			name = Release;
		};
		6757E74527D7527300579359 /* Debug */ = {
			isa = XCBuildConfiguration;
			buildSettings = {
				ALWAYS_EMBED_SWIFT_STANDARD_LIBRARIES = YES;
				CODE_SIGN_STYLE = Automatic;
				CURRENT_PROJECT_VERSION = 1;
				DEVELOPMENT_TEAM = NWW54F239N;
				GENERATE_INFOPLIST_FILE = YES;
				MARKETING_VERSION = 1.0;
				PRODUCT_BUNDLE_IDENTIFIER = "Manuel.Manuel-sProjectUITests";
				PRODUCT_NAME = "$(TARGET_NAME)";
				SWIFT_EMIT_LOC_STRINGS = NO;
				SWIFT_VERSION = 5.0;
				TARGETED_DEVICE_FAMILY = "1,2";
				TEST_TARGET_NAME = "Manuel'sProject";
			};
			name = Debug;
		};
		6757E74627D7527300579359 /* Release */ = {
			isa = XCBuildConfiguration;
			buildSettings = {
				ALWAYS_EMBED_SWIFT_STANDARD_LIBRARIES = YES;
				CODE_SIGN_STYLE = Automatic;
				CURRENT_PROJECT_VERSION = 1;
				DEVELOPMENT_TEAM = NWW54F239N;
				GENERATE_INFOPLIST_FILE = YES;
				MARKETING_VERSION = 1.0;
				PRODUCT_BUNDLE_IDENTIFIER = "Manuel.Manuel-sProjectUITests";
				PRODUCT_NAME = "$(TARGET_NAME)";
				SWIFT_EMIT_LOC_STRINGS = NO;
				SWIFT_VERSION = 5.0;
				TARGETED_DEVICE_FAMILY = "1,2";
				TEST_TARGET_NAME = "Manuel'sProject";
			};
			name = Release;
		};
/* End XCBuildConfiguration section */

/* Begin XCConfigurationList section */
		6757E70F27D7527000579359 /* Build configuration list for PBXProject "Manuel'sProject" */ = {
			isa = XCConfigurationList;
			buildConfigurations = (
				6757E73C27D7527300579359 /* Debug */,
				6757E73D27D7527300579359 /* Release */,
			);
			defaultConfigurationIsVisible = 0;
			defaultConfigurationName = Release;
		};
		6757E73E27D7527300579359 /* Build configuration list for PBXNativeTarget "Manuel'sProject" */ = {
			isa = XCConfigurationList;
			buildConfigurations = (
				6757E73F27D7527300579359 /* Debug */,
				6757E74027D7527300579359 /* Release */,
			);
			defaultConfigurationIsVisible = 0;
			defaultConfigurationName = Release;
		};
		6757E74127D7527300579359 /* Build configuration list for PBXNativeTarget "Manuel'sProjectTests" */ = {
			isa = XCConfigurationList;
			buildConfigurations = (
				6757E74227D7527300579359 /* Debug */,
				6757E74327D7527300579359 /* Release */,
			);
			defaultConfigurationIsVisible = 0;
			defaultConfigurationName = Release;
		};
		6757E74427D7527300579359 /* Build configuration list for PBXNativeTarget "Manuel'sProjectUITests" */ = {
			isa = XCConfigurationList;
			buildConfigurations = (
				6757E74527D7527300579359 /* Debug */,
				6757E74627D7527300579359 /* Release */,
			);
			defaultConfigurationIsVisible = 0;
			defaultConfigurationName = Release;
		};
/* End XCConfigurationList section */

/* Begin XCRemoteSwiftPackageReference section */
		677626E827EA23EF009C7004 /* XCRemoteSwiftPackageReference "YouTubePlayerKit" */ = {
			isa = XCRemoteSwiftPackageReference;
			repositoryURL = "https://github.com/SvenTiigi/YouTubePlayerKit.git";
			requirement = {
				branch = main;
				kind = branch;
			};
		};
/* End XCRemoteSwiftPackageReference section */

/* Begin XCSwiftPackageProductDependency section */
		677626E927EA23EF009C7004 /* YouTubePlayerKit */ = {
			isa = XCSwiftPackageProductDependency;
			package = 677626E827EA23EF009C7004 /* XCRemoteSwiftPackageReference "YouTubePlayerKit" */;
			productName = YouTubePlayerKit;
		};
/* End XCSwiftPackageProductDependency section */
	};
	rootObject = 6757E70C27D7527000579359 /* Project object */;
}
